
Microsoft Visual Studio Solution File, Format Version 12.00
# Visual Studio 15
VisualStudioVersion = 15.0.27703.2035
MinimumVisualStudioVersion = 10.0.40219.1
Project("{FAE04EC0-301F-11D3-BF4B-00C04F79EFBC}") = "FishingStore", "FishingStore\FishingStore.csproj", "{B2DF38DF-D221-4A51-B51B-F2DCF9926F23}"
EndProject
Global
	GlobalSection(SolutionConfigurationPlatforms) = preSolution
		Debug|Any CPU = Debug|Any CPU
		Release|Any CPU = Release|Any CPU
	EndGlobalSection
	GlobalSection(ProjectConfigurationPlatforms) = postSolution
		{B2DF38DF-D221-4A51-B51B-F2DCF9926F23}.Debug|Any CPU.ActiveCfg = Debug|Any CPU
		{B2DF38DF-D221-4A51-B51B-F2DCF9926F23}.Debug|Any CPU.Build.0 = Debug|Any CPU
		{B2DF38DF-D221-4A51-B51B-F2DCF9926F23}.Release|Any CPU.ActiveCfg = Release|Any CPU
		{B2DF38DF-D221-4A51-B51B-F2DCF9926F23}.Release|Any CPU.Build.0 = Release|Any CPU
	EndGlobalSection
	GlobalSection(SolutionProperties) = preSolution
		HideSolutionNode = FALSE
	EndGlobalSection
	GlobalSection(ExtensibilityGlobals) = postSolution
		SolutionGuid = {522BD3F2-2A9E-4F96-9457-99598C565A44}
	EndGlobalSection
EndGlobal
